
Microsoft Visual Studio Solution File, Format Version 12.00
# Visual Studio 15
VisualStudioVersion = 15.0.28307.645
MinimumVisualStudioVersion = 10.0.40219.1
Project("{9A19103F-16F7-4668-BE54-9A1E7A4F7556}") = "DailyApp", "DailyApp\DailyApp.csproj", "{11C705D7-0AF5-4157-8CFE-979CCC118599}"
EndProject
Project("{FAE04EC0-301F-11D3-BF4B-00C04F79EFBC}") = "DAL", "DAL\DAL.csproj", "{D4D1E884-6E52-46E4-8149-601FD5178D86}"
EndProject
Global
	GlobalSection(SolutionConfigurationPlatforms) = preSolution
		Debug|Any CPU = Debug|Any CPU
		Release|Any CPU = Release|Any CPU
	EndGlobalSection
	GlobalSection(ProjectConfigurationPlatforms) = postSolution
		{11C705D7-0AF5-4157-8CFE-979CCC118599}.Debug|Any CPU.ActiveCfg = Debug|Any CPU
		{11C705D7-0AF5-4157-8CFE-979CCC118599}.Debug|Any CPU.Build.0 = Debug|Any CPU
		{11C705D7-0AF5-4157-8CFE-979CCC118599}.Release|Any CPU.ActiveCfg = Release|Any CPU
		{11C705D7-0AF5-4157-8CFE-979CCC118599}.Release|Any CPU.Build.0 = Release|Any CPU
		{D4D1E884-6E52-46E4-8149-601FD5178D86}.Debug|Any CPU.ActiveCfg = Debug|Any CPU
		{D4D1E884-6E52-46E4-8149-601FD5178D86}.Debug|Any CPU.Build.0 = Debug|Any CPU
		{D4D1E884-6E52-46E4-8149-601FD5178D86}.Release|Any CPU.ActiveCfg = Release|Any CPU
		{D4D1E884-6E52-46E4-8149-601FD5178D86}.Release|Any CPU.Build.0 = Release|Any CPU
	EndGlobalSection
	GlobalSection(SolutionProperties) = preSolution
		HideSolutionNode = FALSE
	EndGlobalSection
	GlobalSection(ExtensibilityGlobals) = postSolution
		SolutionGuid = {BD7CAD98-060C-48A5-84FC-12A23EBCEB1A}
	EndGlobalSection
EndGlobal
